// !$*UTF8*$!
{
	archiveVersion = 1;
	classes = {
	};
	objectVersion = 56;
	objects = {

/* Begin PBXBuildFile section */
		004954132BAA9D7E004E478B /* ProductCard.swift in Sources */ = {isa = PBXBuildFile; fileRef = 004954122BAA9D7E004E478B /* ProductCard.swift */; };
		004954152BAAAC6F004E478B /* ShopWomenView.swift in Sources */ = {isa = PBXBuildFile; fileRef = 004954142BAAAC6F004E478B /* ShopWomenView.swift */; };
		004954182BAAD4EA004E478B /* Validations.swift in Sources */ = {isa = PBXBuildFile; fileRef = 004954172BAAD4EA004E478B /* Validations.swift */; };
		5086A9472BB3DE2100A462C1 /* MainView.swift in Sources */ = {isa = PBXBuildFile; fileRef = 5086A9462BB3DE2100A462C1 /* MainView.swift */; };
		513869CF2BB2A41B00BAE0F6 /* MyProfileView.swift in Sources */ = {isa = PBXBuildFile; fileRef = 513869CE2BB2A41B00BAE0F6 /* MyProfileView.swift */; };
		513869D12BB2BADA00BAE0F6 /* SearchBar.swift in Sources */ = {isa = PBXBuildFile; fileRef = 513869D02BB2BADA00BAE0F6 /* SearchBar.swift */; };
		513869D32BB2BE2100BAE0F6 /* PaymentButton.swift in Sources */ = {isa = PBXBuildFile; fileRef = 513869D22BB2BE2100BAE0F6 /* PaymentButton.swift */; };
		513869D52BB2C12700BAE0F6 /* CustumTabBar.swift in Sources */ = {isa = PBXBuildFile; fileRef = 513869D42BB2C12700BAE0F6 /* CustumTabBar.swift */; };
		513869D92BB2D32100BAE0F6 /* CustomTabBarView.swift in Sources */ = {isa = PBXBuildFile; fileRef = 513869D82BB2D32100BAE0F6 /* CustomTabBarView.swift */; };
		513869DD2BB2D4F400BAE0F6 /* FilterView.swift in Sources */ = {isa = PBXBuildFile; fileRef = 513869DC2BB2D4F400BAE0F6 /* FilterView.swift */; };
		90B7BF932BAC20AD00B320F4 /* CartButton.swift in Sources */ = {isa = PBXBuildFile; fileRef = 90B7BF922BAC20AD00B320F4 /* CartButton.swift */; };
		90B7BF952BAC263900B320F4 /* CartView.swift in Sources */ = {isa = PBXBuildFile; fileRef = 90B7BF942BAC263900B320F4 /* CartView.swift */; };
		90B7BF972BAC28E300B320F4 /* CartManager.swift in Sources */ = {isa = PBXBuildFile; fileRef = 90B7BF962BAC28E300B320F4 /* CartManager.swift */; };
		90B7BF992BAC2F1900B320F4 /* ProductRow.swift in Sources */ = {isa = PBXBuildFile; fileRef = 90B7BF982BAC2F1900B320F4 /* ProductRow.swift */; };
		90B7BF9B2BAC3B3400B320F4 /* Header.swift in Sources */ = {isa = PBXBuildFile; fileRef = 90B7BF9A2BAC3B3400B320F4 /* Header.swift */; };
		90B7BF9F2BAC4E7800B320F4 /* ShopMenView.swift in Sources */ = {isa = PBXBuildFile; fileRef = 90B7BF9E2BAC4E7800B320F4 /* ShopMenView.swift */; };
		90B7BFA12BAC525500B320F4 /* LoginHeader.swift in Sources */ = {isa = PBXBuildFile; fileRef = 90B7BFA02BAC525500B320F4 /* LoginHeader.swift */; };
		D03367FA2BA809DF006E6949 /* tamashaIOSPROJECTApp.swift in Sources */ = {isa = PBXBuildFile; fileRef = D03367F92BA809DF006E6949 /* tamashaIOSPROJECTApp.swift */; };
		D03367FC2BA809DF006E6949 /* ContentView.swift in Sources */ = {isa = PBXBuildFile; fileRef = D03367FB2BA809DF006E6949 /* ContentView.swift */; };
		D03367FE2BA809E0006E6949 /* Assets.xcassets in Resources */ = {isa = PBXBuildFile; fileRef = D03367FD2BA809E0006E6949 /* Assets.xcassets */; };
		D03368012BA809E0006E6949 /* Preview Assets.xcassets in Resources */ = {isa = PBXBuildFile; fileRef = D03368002BA809E0006E6949 /* Preview Assets.xcassets */; };
		D033680E2BA80BE4006E6949 /* WelcomeView.swift in Sources */ = {isa = PBXBuildFile; fileRef = D033680D2BA80BE4006E6949 /* WelcomeView.swift */; };
		D03368192BA815D3006E6949 /* Color.xcassets in Resources */ = {isa = PBXBuildFile; fileRef = D03368182BA815D3006E6949 /* Color.xcassets */; };
		D033681B2BA831FB006E6949 /* WelcomeSecondView.swift in Sources */ = {isa = PBXBuildFile; fileRef = D033681A2BA831FB006E6949 /* WelcomeSecondView.swift */; };
		D06A1AE12BB675D900F320AB /* SideMenuView.swift in Sources */ = {isa = PBXBuildFile; fileRef = D06A1AE02BB675D900F320AB /* SideMenuView.swift */; };
		D06A1AE32BB6763700F320AB /* SideMenu.swift in Sources */ = {isa = PBXBuildFile; fileRef = D06A1AE22BB6763700F320AB /* SideMenu.swift */; };
		D06A1AE52BB67EC200F320AB /* ItemCard.swift in Sources */ = {isa = PBXBuildFile; fileRef = D06A1AE42BB67EC200F320AB /* ItemCard.swift */; };
		D06A1AE72BB6812000F320AB /* Item.swift in Sources */ = {isa = PBXBuildFile; fileRef = D06A1AE62BB6812000F320AB /* Item.swift */; };
		D06A1AE92BB69BB600F320AB /* ItemView.swift in Sources */ = {isa = PBXBuildFile; fileRef = D06A1AE82BB69BB600F320AB /* ItemView.swift */; };
		D06A1AEC2BB6DC7800F320AB /* APICaller.swift in Sources */ = {isa = PBXBuildFile; fileRef = D06A1AEB2BB6DC7800F320AB /* APICaller.swift */; };
		D09D5D8F2BA951A500295537 /* RegisterView.swift in Sources */ = {isa = PBXBuildFile; fileRef = D09D5D8E2BA951A500295537 /* RegisterView.swift */; };
		D09D5D912BA9632A00295537 /* LoginView.swift in Sources */ = {isa = PBXBuildFile; fileRef = D09D5D902BA9632A00295537 /* LoginView.swift */; };
		D09D5D952BA990A900295537 /* LineTextField.swift in Sources */ = {isa = PBXBuildFile; fileRef = D09D5D942BA990A900295537 /* LineTextField.swift */; };
		D09D5D9A2BA99D5200295537 /* SaView.swift in Sources */ = {isa = PBXBuildFile; fileRef = D09D5D992BA99D5200295537 /* SaView.swift */; };
		D09D5DA02BA9A48B00295537 /* Product.swift in Sources */ = {isa = PBXBuildFile; fileRef = D09D5D9F2BA9A48B00295537 /* Product.swift */; };
		D0B9E7082BB540D100C60F74 /* ProductArrayMainView.swift in Sources */ = {isa = PBXBuildFile; fileRef = D0B9E7072BB540D100C60F74 /* ProductArrayMainView.swift */; };
		D0B9E7102BB57A1600C60F74 /* NotificationView.swift in Sources */ = {isa = PBXBuildFile; fileRef = D0B9E70F2BB57A1600C60F74 /* NotificationView.swift */; };
/* End PBXBuildFile section */

/* Begin PBXFileReference section */
		004954122BAA9D7E004E478B /* ProductCard.swift */ = {isa = PBXFileReference; lastKnownFileType = sourcecode.swift; path = ProductCard.swift; sourceTree = "<group>"; };
		004954142BAAAC6F004E478B /* ShopWomenView.swift */ = {isa = PBXFileReference; lastKnownFileType = sourcecode.swift; path = ShopWomenView.swift; sourceTree = "<group>"; };
		004954172BAAD4EA004E478B /* Validations.swift */ = {isa = PBXFileReference; lastKnownFileType = sourcecode.swift; path = Validations.swift; sourceTree = "<group>"; };
		5086A9462BB3DE2100A462C1 /* MainView.swift */ = {isa = PBXFileReference; lastKnownFileType = sourcecode.swift; path = MainView.swift; sourceTree = "<group>"; };
		513869CE2BB2A41B00BAE0F6 /* MyProfileView.swift */ = {isa = PBXFileReference; lastKnownFileType = sourcecode.swift; path = MyProfileView.swift; sourceTree = "<group>"; };
		513869D02BB2BADA00BAE0F6 /* SearchBar.swift */ = {isa = PBXFileReference; lastKnownFileType = sourcecode.swift; path = SearchBar.swift; sourceTree = "<group>"; };
		513869D22BB2BE2100BAE0F6 /* PaymentButton.swift */ = {isa = PBXFileReference; lastKnownFileType = sourcecode.swift; path = PaymentButton.swift; sourceTree = "<group>"; };
		513869D42BB2C12700BAE0F6 /* CustumTabBar.swift */ = {isa = PBXFileReference; lastKnownFileType = sourcecode.swift; path = CustumTabBar.swift; sourceTree = "<group>"; };
		513869D82BB2D32100BAE0F6 /* CustomTabBarView.swift */ = {isa = PBXFileReference; lastKnownFileType = sourcecode.swift; path = CustomTabBarView.swift; sourceTree = "<group>"; };
		513869DC2BB2D4F400BAE0F6 /* FilterView.swift */ = {isa = PBXFileReference; lastKnownFileType = sourcecode.swift; path = FilterView.swift; sourceTree = "<group>"; };
		90B7BF922BAC20AD00B320F4 /* CartButton.swift */ = {isa = PBXFileReference; lastKnownFileType = sourcecode.swift; path = CartButton.swift; sourceTree = "<group>"; };
		90B7BF942BAC263900B320F4 /* CartView.swift */ = {isa = PBXFileReference; lastKnownFileType = sourcecode.swift; path = CartView.swift; sourceTree = "<group>"; };
		90B7BF962BAC28E300B320F4 /* CartManager.swift */ = {isa = PBXFileReference; lastKnownFileType = sourcecode.swift; path = CartManager.swift; sourceTree = "<group>"; };
		90B7BF982BAC2F1900B320F4 /* ProductRow.swift */ = {isa = PBXFileReference; lastKnownFileType = sourcecode.swift; path = ProductRow.swift; sourceTree = "<group>"; };
		90B7BF9A2BAC3B3400B320F4 /* Header.swift */ = {isa = PBXFileReference; lastKnownFileType = sourcecode.swift; path = Header.swift; sourceTree = "<group>"; };
		90B7BF9E2BAC4E7800B320F4 /* ShopMenView.swift */ = {isa = PBXFileReference; lastKnownFileType = sourcecode.swift; path = ShopMenView.swift; sourceTree = "<group>"; };
		90B7BFA02BAC525500B320F4 /* LoginHeader.swift */ = {isa = PBXFileReference; lastKnownFileType = sourcecode.swift; path = LoginHeader.swift; sourceTree = "<group>"; };
		D03367F62BA809DF006E6949 /* tamashaIOSPROJECT.app */ = {isa = PBXFileReference; explicitFileType = wrapper.application; includeInIndex = 0; path = tamashaIOSPROJECT.app; sourceTree = BUILT_PRODUCTS_DIR; };
		D03367F92BA809DF006E6949 /* tamashaIOSPROJECTApp.swift */ = {isa = PBXFileReference; lastKnownFileType = sourcecode.swift; path = tamashaIOSPROJECTApp.swift; sourceTree = "<group>"; };
		D03367FB2BA809DF006E6949 /* ContentView.swift */ = {isa = PBXFileReference; lastKnownFileType = sourcecode.swift; path = ContentView.swift; sourceTree = "<group>"; };
		D03367FD2BA809E0006E6949 /* Assets.xcassets */ = {isa = PBXFileReference; lastKnownFileType = folder.assetcatalog; path = Assets.xcassets; sourceTree = "<group>"; };
		D03368002BA809E0006E6949 /* Preview Assets.xcassets */ = {isa = PBXFileReference; lastKnownFileType = folder.assetcatalog; path = "Preview Assets.xcassets"; sourceTree = "<group>"; };
		D033680D2BA80BE4006E6949 /* WelcomeView.swift */ = {isa = PBXFileReference; lastKnownFileType = sourcecode.swift; path = WelcomeView.swift; sourceTree = "<group>"; };
		D03368182BA815D3006E6949 /* Color.xcassets */ = {isa = PBXFileReference; lastKnownFileType = folder.assetcatalog; path = Color.xcassets; sourceTree = "<group>"; };
		D033681A2BA831FB006E6949 /* WelcomeSecondView.swift */ = {isa = PBXFileReference; lastKnownFileType = sourcecode.swift; path = WelcomeSecondView.swift; sourceTree = "<group>"; };
		D06A1AE02BB675D900F320AB /* SideMenuView.swift */ = {isa = PBXFileReference; lastKnownFileType = sourcecode.swift; path = SideMenuView.swift; sourceTree = "<group>"; };
		D06A1AE22BB6763700F320AB /* SideMenu.swift */ = {isa = PBXFileReference; lastKnownFileType = sourcecode.swift; path = SideMenu.swift; sourceTree = "<group>"; };
		D06A1AE42BB67EC200F320AB /* ItemCard.swift */ = {isa = PBXFileReference; lastKnownFileType = sourcecode.swift; path = ItemCard.swift; sourceTree = "<group>"; };
		D06A1AE62BB6812000F320AB /* Item.swift */ = {isa = PBXFileReference; lastKnownFileType = sourcecode.swift; path = Item.swift; sourceTree = "<group>"; };
		D06A1AE82BB69BB600F320AB /* ItemView.swift */ = {isa = PBXFileReference; lastKnownFileType = sourcecode.swift; path = ItemView.swift; sourceTree = "<group>"; };
		D06A1AEB2BB6DC7800F320AB /* APICaller.swift */ = {isa = PBXFileReference; lastKnownFileType = sourcecode.swift; path = APICaller.swift; sourceTree = "<group>"; };
		D09D5D8E2BA951A500295537 /* RegisterView.swift */ = {isa = PBXFileReference; lastKnownFileType = sourcecode.swift; path = RegisterView.swift; sourceTree = "<group>"; };
		D09D5D902BA9632A00295537 /* LoginView.swift */ = {isa = PBXFileReference; lastKnownFileType = sourcecode.swift; path = LoginView.swift; sourceTree = "<group>"; };
		D09D5D942BA990A900295537 /* LineTextField.swift */ = {isa = PBXFileReference; lastKnownFileType = sourcecode.swift; path = LineTextField.swift; sourceTree = "<group>"; };
		D09D5D992BA99D5200295537 /* SaView.swift */ = {isa = PBXFileReference; lastKnownFileType = sourcecode.swift; path = SaView.swift; sourceTree = "<group>"; };
		D09D5D9F2BA9A48B00295537 /* Product.swift */ = {isa = PBXFileReference; lastKnownFileType = sourcecode.swift; path = Product.swift; sourceTree = "<group>"; };
		D0B9E7072BB540D100C60F74 /* ProductArrayMainView.swift */ = {isa = PBXFileReference; lastKnownFileType = sourcecode.swift; path = ProductArrayMainView.swift; sourceTree = "<group>"; };
		D0B9E70F2BB57A1600C60F74 /* NotificationView.swift */ = {isa = PBXFileReference; lastKnownFileType = sourcecode.swift; path = NotificationView.swift; sourceTree = "<group>"; };
/* End PBXFileReference section */

/* Begin PBXFrameworksBuildPhase section */
		D03367F32BA809DF006E6949 /* Frameworks */ = {
			isa = PBXFrameworksBuildPhase;
			buildActionMask = 2147483647;
			files = (
			);
			runOnlyForDeploymentPostprocessing = 0;
		};
/* End PBXFrameworksBuildPhase section */

/* Begin PBXGroup section */
		004954112BAA9D4D004E478B /* Components */ = {
			isa = PBXGroup;
			children = (
				51A412712BAD8EDC001CEBAB /* Items */,
				90B7BF922BAC20AD00B320F4 /* CartButton.swift */,
				90B7BF9A2BAC3B3400B320F4 /* Header.swift */,
				90B7BFA02BAC525500B320F4 /* LoginHeader.swift */,
				90B7BF982BAC2F1900B320F4 /* ProductRow.swift */,
				004954122BAA9D7E004E478B /* ProductCard.swift */,
				D0B9E7072BB540D100C60F74 /* ProductArrayMainView.swift */,
				513869D02BB2BADA00BAE0F6 /* SearchBar.swift */,
				513869D22BB2BE2100BAE0F6 /* PaymentButton.swift */,
				D09D5D942BA990A900295537 /* LineTextField.swift */,
				513869D42BB2C12700BAE0F6 /* CustumTabBar.swift */,
				D06A1AE22BB6763700F320AB /* SideMenu.swift */,
				D06A1AE42BB67EC200F320AB /* ItemCard.swift */,
			);
			path = Components;
			sourceTree = "<group>";
		};
		004954162BAAD469004E478B /* Validations */ = {
			isa = PBXGroup;
			children = (
				004954172BAAD4EA004E478B /* Validations.swift */,
			);
			path = Validations;
			sourceTree = "<group>";
		};
		51A412712BAD8EDC001CEBAB /* Items */ = {
			isa = PBXGroup;
			children = (
			);
			path = Items;
			sourceTree = "<group>";
		};
		D03367ED2BA809DF006E6949 = {
			isa = PBXGroup;
			children = (
				D03367F82BA809DF006E6949 /* tamashaIOSPROJECT */,
				D03367F72BA809DF006E6949 /* Products */,
			);
			sourceTree = "<group>";
		};
		D03367F72BA809DF006E6949 /* Products */ = {
			isa = PBXGroup;
			children = (
				D03367F62BA809DF006E6949 /* tamashaIOSPROJECT.app */,
			);
			name = Products;
			sourceTree = "<group>";
		};
		D03367F82BA809DF006E6949 /* tamashaIOSPROJECT */ = {
			isa = PBXGroup;
			children = (
				D06A1AEA2BB6DC3F00F320AB /* Managers */,
				004954162BAAD469004E478B /* Validations */,
				004954112BAA9D4D004E478B /* Components */,
				D03368092BA80B59006E6949 /* Model */,
				D03368072BA80B1D006E6949 /* View */,
				D03367F92BA809DF006E6949 /* tamashaIOSPROJECTApp.swift */,
				D03367FB2BA809DF006E6949 /* ContentView.swift */,
				D0B9E70E2BB569DD00C60F74 /* Removed */,
				D03367FD2BA809E0006E6949 /* Assets.xcassets */,
				D03368182BA815D3006E6949 /* Color.xcassets */,
				D03367FF2BA809E0006E6949 /* Preview Content */,
				90B7BF962BAC28E300B320F4 /* CartManager.swift */,
			);
			path = tamashaIOSPROJECT;
			sourceTree = "<group>";
		};
		D03367FF2BA809E0006E6949 /* Preview Content */ = {
			isa = PBXGroup;
			children = (
				D03368002BA809E0006E6949 /* Preview Assets.xcassets */,
			);
			path = "Preview Content";
			sourceTree = "<group>";
		};
		D03368072BA80B1D006E6949 /* View */ = {
			isa = PBXGroup;
			children = (
				D09D5D982BA99D3900295537 /* Home */,
				D09D5D8D2BA9518600295537 /* Login */,
				D033680C2BA80BC5006E6949 /* Welcome */,
			);
			path = View;
			sourceTree = "<group>";
		};
		D03368092BA80B59006E6949 /* Model */ = {
			isa = PBXGroup;
			children = (
				D09D5D9F2BA9A48B00295537 /* Product.swift */,
				D06A1AE62BB6812000F320AB /* Item.swift */,
			);
			path = Model;
			sourceTree = "<group>";
		};
		D033680C2BA80BC5006E6949 /* Welcome */ = {
			isa = PBXGroup;
			children = (
				D033680D2BA80BE4006E6949 /* WelcomeView.swift */,
				D033681A2BA831FB006E6949 /* WelcomeSecondView.swift */,
			);
			path = Welcome;
			sourceTree = "<group>";
		};
		D06A1AEA2BB6DC3F00F320AB /* Managers */ = {
			isa = PBXGroup;
			children = (
				D06A1AEB2BB6DC7800F320AB /* APICaller.swift */,
			);
			path = Managers;
			sourceTree = "<group>";
		};
		D09D5D8D2BA9518600295537 /* Login */ = {
			isa = PBXGroup;
			children = (
				D09D5D8E2BA951A500295537 /* RegisterView.swift */,
				D09D5D902BA9632A00295537 /* LoginView.swift */,
			);
			path = Login;
			sourceTree = "<group>";
		};
		D09D5D982BA99D3900295537 /* Home */ = {
			isa = PBXGroup;
			children = (
				513869D82BB2D32100BAE0F6 /* CustomTabBarView.swift */,
				5086A9462BB3DE2100A462C1 /* MainView.swift */,
				004954142BAAAC6F004E478B /* ShopWomenView.swift */,
				90B7BF9E2BAC4E7800B320F4 /* ShopMenView.swift */,
				90B7BF942BAC263900B320F4 /* CartView.swift */,
				513869CE2BB2A41B00BAE0F6 /* MyProfileView.swift */,
				513869DC2BB2D4F400BAE0F6 /* FilterView.swift */,
				D0B9E70F2BB57A1600C60F74 /* NotificationView.swift */,
				D06A1AE02BB675D900F320AB /* SideMenuView.swift */,
				D06A1AE82BB69BB600F320AB /* ItemView.swift */,
			);
			path = Home;
			sourceTree = "<group>";
		};
		D0B9E70E2BB569DD00C60F74 /* Removed */ = {
			isa = PBXGroup;
			children = (
				D09D5D992BA99D5200295537 /* SaView.swift */,
			);
			path = Removed;
			sourceTree = "<group>";
		};
/* End PBXGroup section */

/* Begin PBXNativeTarget section */
		D03367F52BA809DF006E6949 /* tamashaIOSPROJECT */ = {
			isa = PBXNativeTarget;
			buildConfigurationList = D03368042BA809E0006E6949 /* Build configuration list for PBXNativeTarget "tamashaIOSPROJECT" */;
			buildPhases = (
				D03367F22BA809DF006E6949 /* Sources */,
				D03367F32BA809DF006E6949 /* Frameworks */,
				D03367F42BA809DF006E6949 /* Resources */,
			);
			buildRules = (
			);
			dependencies = (
			);
			name = tamashaIOSPROJECT;
			productName = tamashaIOSPROJECT;
			productReference = D03367F62BA809DF006E6949 /* tamashaIOSPROJECT.app */;
			productType = "com.apple.product-type.application";
		};
/* End PBXNativeTarget section */

/* Begin PBXProject section */
		D03367EE2BA809DF006E6949 /* Project object */ = {
			isa = PBXProject;
			attributes = {
				BuildIndependentTargetsInParallel = 1;
				LastSwiftUpdateCheck = 1520;
				LastUpgradeCheck = 1520;
				TargetAttributes = {
					D03367F52BA809DF006E6949 = {
						CreatedOnToolsVersion = 15.2;
					};
				};
			};
			buildConfigurationList = D03367F12BA809DF006E6949 /* Build configuration list for PBXProject "tamashaIOSPROJECT" */;
			compatibilityVersion = "Xcode 14.0";
			developmentRegion = en;
			hasScannedForEncodings = 0;
			knownRegions = (
				en,
				Base,
			);
			mainGroup = D03367ED2BA809DF006E6949;
			productRefGroup = D03367F72BA809DF006E6949 /* Products */;
			projectDirPath = "";
			projectRoot = "";
			targets = (
				D03367F52BA809DF006E6949 /* tamashaIOSPROJECT */,
			);
		};
/* End PBXProject section */

/* Begin PBXResourcesBuildPhase section */
		D03367F42BA809DF006E6949 /* Resources */ = {
			isa = PBXResourcesBuildPhase;
			buildActionMask = 2147483647;
			files = (
				D03368012BA809E0006E6949 /* Preview Assets.xcassets in Resources */,
				D03367FE2BA809E0006E6949 /* Assets.xcassets in Resources */,
				D03368192BA815D3006E6949 /* Color.xcassets in Resources */,
			);
			runOnlyForDeploymentPostprocessing = 0;
		};
/* End PBXResourcesBuildPhase section */

/* Begin PBXSourcesBuildPhase section */
		D03367F22BA809DF006E6949 /* Sources */ = {
			isa = PBXSourcesBuildPhase;
			buildActionMask = 2147483647;
			files = (
				D033681B2BA831FB006E6949 /* WelcomeSecondView.swift in Sources */,
				D06A1AE32BB6763700F320AB /* SideMenu.swift in Sources */,
				D03367FC2BA809DF006E6949 /* ContentView.swift in Sources */,
				90B7BF932BAC20AD00B320F4 /* CartButton.swift in Sources */,
				D09D5D9A2BA99D5200295537 /* SaView.swift in Sources */,
				513869D92BB2D32100BAE0F6 /* CustomTabBarView.swift in Sources */,
				D06A1AE12BB675D900F320AB /* SideMenuView.swift in Sources */,
				5086A9472BB3DE2100A462C1 /* MainView.swift in Sources */,
				D06A1AE52BB67EC200F320AB /* ItemCard.swift in Sources */,
				90B7BF992BAC2F1900B320F4 /* ProductRow.swift in Sources */,
				513869D32BB2BE2100BAE0F6 /* PaymentButton.swift in Sources */,
				D033680E2BA80BE4006E6949 /* WelcomeView.swift in Sources */,
				90B7BF9F2BAC4E7800B320F4 /* ShopMenView.swift in Sources */,
				D09D5DA02BA9A48B00295537 /* Product.swift in Sources */,
				D09D5D912BA9632A00295537 /* LoginView.swift in Sources */,
				90B7BF9B2BAC3B3400B320F4 /* Header.swift in Sources */,
				D09D5D8F2BA951A500295537 /* RegisterView.swift in Sources */,
				90B7BF952BAC263900B320F4 /* CartView.swift in Sources */,
				D06A1AEC2BB6DC7800F320AB /* APICaller.swift in Sources */,
				D0B9E7082BB540D100C60F74 /* ProductArrayMainView.swift in Sources */,
				513869D12BB2BADA00BAE0F6 /* SearchBar.swift in Sources */,
				004954152BAAAC6F004E478B /* ShopWomenView.swift in Sources */,
				513869CF2BB2A41B00BAE0F6 /* MyProfileView.swift in Sources */,
				90B7BF972BAC28E300B320F4 /* CartManager.swift in Sources */,
				D03367FA2BA809DF006E6949 /* tamashaIOSPROJECTApp.swift in Sources */,
				D09D5D952BA990A900295537 /* LineTextField.swift in Sources */,
				004954182BAAD4EA004E478B /* Validations.swift in Sources */,
				90B7BFA12BAC525500B320F4 /* LoginHeader.swift in Sources */,
				D06A1AE72BB6812000F320AB /* Item.swift in Sources */,
				513869D52BB2C12700BAE0F6 /* CustumTabBar.swift in Sources */,
				513869DD2BB2D4F400BAE0F6 /* FilterView.swift in Sources */,
				D06A1AE92BB69BB600F320AB /* ItemView.swift in Sources */,
				004954132BAA9D7E004E478B /* ProductCard.swift in Sources */,
				D0B9E7102BB57A1600C60F74 /* NotificationView.swift in Sources */,
			);
			runOnlyForDeploymentPostprocessing = 0;
		};
/* End PBXSourcesBuildPhase section */

/* Begin XCBuildConfiguration section */
		D03368022BA809E0006E6949 /* Debug */ = {
			isa = XCBuildConfiguration;
			buildSettings = {
				ALWAYS_SEARCH_USER_PATHS = NO;
				ASSETCATALOG_COMPILER_GENERATE_SWIFT_ASSET_SYMBOL_EXTENSIONS = YES;
				CLANG_ANALYZER_NONNULL = YES;
				CLANG_ANALYZER_NUMBER_OBJECT_CONVERSION = YES_AGGRESSIVE;
				CLANG_CXX_LANGUAGE_STANDARD = "gnu++20";
				CLANG_ENABLE_MODULES = YES;
				CLANG_ENABLE_OBJC_ARC = YES;
				CLANG_ENABLE_OBJC_WEAK = YES;
				CLANG_WARN_BLOCK_CAPTURE_AUTORELEASING = YES;
				CLANG_WARN_BOOL_CONVERSION = YES;
				CLANG_WARN_COMMA = YES;
				CLANG_WARN_CONSTANT_CONVERSION = YES;
				CLANG_WARN_DEPRECATED_OBJC_IMPLEMENTATIONS = YES;
				CLANG_WARN_DIRECT_OBJC_ISA_USAGE = YES_ERROR;
				CLANG_WARN_DOCUMENTATION_COMMENTS = YES;
				CLANG_WARN_EMPTY_BODY = YES;
				CLANG_WARN_ENUM_CONVERSION = YES;
				CLANG_WARN_INFINITE_RECURSION = YES;
				CLANG_WARN_INT_CONVERSION = YES;
				CLANG_WARN_NON_LITERAL_NULL_CONVERSION = YES;
				CLANG_WARN_OBJC_IMPLICIT_RETAIN_SELF = YES;
				CLANG_WARN_OBJC_LITERAL_CONVERSION = YES;
				CLANG_WARN_OBJC_ROOT_CLASS = YES_ERROR;
				CLANG_WARN_QUOTED_INCLUDE_IN_FRAMEWORK_HEADER = YES;
				CLANG_WARN_RANGE_LOOP_ANALYSIS = YES;
				CLANG_WARN_STRICT_PROTOTYPES = YES;
				CLANG_WARN_SUSPICIOUS_MOVE = YES;
				CLANG_WARN_UNGUARDED_AVAILABILITY = YES_AGGRESSIVE;
				CLANG_WARN_UNREACHABLE_CODE = YES;
				CLANG_WARN__DUPLICATE_METHOD_MATCH = YES;
				COPY_PHASE_STRIP = NO;
				DEBUG_INFORMATION_FORMAT = dwarf;
				ENABLE_STRICT_OBJC_MSGSEND = YES;
				ENABLE_TESTABILITY = YES;
				ENABLE_USER_SCRIPT_SANDBOXING = YES;
				GCC_C_LANGUAGE_STANDARD = gnu17;
				GCC_DYNAMIC_NO_PIC = NO;
				GCC_NO_COMMON_BLOCKS = YES;
				GCC_OPTIMIZATION_LEVEL = 0;
				GCC_PREPROCESSOR_DEFINITIONS = (
					"DEBUG=1",
					"$(inherited)",
				);
				GCC_WARN_64_TO_32_BIT_CONVERSION = YES;
				GCC_WARN_ABOUT_RETURN_TYPE = YES_ERROR;
				GCC_WARN_UNDECLARED_SELECTOR = YES;
				GCC_WARN_UNINITIALIZED_AUTOS = YES_AGGRESSIVE;
				GCC_WARN_UNUSED_FUNCTION = YES;
				GCC_WARN_UNUSED_VARIABLE = YES;
				IPHONEOS_DEPLOYMENT_TARGET = 17.2;
				LOCALIZATION_PREFERS_STRING_CATALOGS = YES;
				MTL_ENABLE_DEBUG_INFO = INCLUDE_SOURCE;
				MTL_FAST_MATH = YES;
				ONLY_ACTIVE_ARCH = YES;
				SDKROOT = iphoneos;
				SWIFT_ACTIVE_COMPILATION_CONDITIONS = "DEBUG $(inherited)";
				SWIFT_OPTIMIZATION_LEVEL = "-Onone";
			};
			name = Debug;
		};
		D03368032BA809E0006E6949 /* Release */ = {
			isa = XCBuildConfiguration;
			buildSettings = {
				ALWAYS_SEARCH_USER_PATHS = NO;
				ASSETCATALOG_COMPILER_GENERATE_SWIFT_ASSET_SYMBOL_EXTENSIONS = YES;
				CLANG_ANALYZER_NONNULL = YES;
				CLANG_ANALYZER_NUMBER_OBJECT_CONVERSION = YES_AGGRESSIVE;
				CLANG_CXX_LANGUAGE_STANDARD = "gnu++20";
				CLANG_ENABLE_MODULES = YES;
				CLANG_ENABLE_OBJC_ARC = YES;
				CLANG_ENABLE_OBJC_WEAK = YES;
				CLANG_WARN_BLOCK_CAPTURE_AUTORELEASING = YES;
				CLANG_WARN_BOOL_CONVERSION = YES;
				CLANG_WARN_COMMA = YES;
				CLANG_WARN_CONSTANT_CONVERSION = YES;
				CLANG_WARN_DEPRECATED_OBJC_IMPLEMENTATIONS = YES;
				CLANG_WARN_DIRECT_OBJC_ISA_USAGE = YES_ERROR;
				CLANG_WARN_DOCUMENTATION_COMMENTS = YES;
				CLANG_WARN_EMPTY_BODY = YES;
				CLANG_WARN_ENUM_CONVERSION = YES;
				CLANG_WARN_INFINITE_RECURSION = YES;
				CLANG_WARN_INT_CONVERSION = YES;
				CLANG_WARN_NON_LITERAL_NULL_CONVERSION = YES;
				CLANG_WARN_OBJC_IMPLICIT_RETAIN_SELF = YES;
				CLANG_WARN_OBJC_LITERAL_CONVERSION = YES;
				CLANG_WARN_OBJC_ROOT_CLASS = YES_ERROR;
				CLANG_WARN_QUOTED_INCLUDE_IN_FRAMEWORK_HEADER = YES;
				CLANG_WARN_RANGE_LOOP_ANALYSIS = YES;
				CLANG_WARN_STRICT_PROTOTYPES = YES;
				CLANG_WARN_SUSPICIOUS_MOVE = YES;
				CLANG_WARN_UNGUARDED_AVAILABILITY = YES_AGGRESSIVE;
				CLANG_WARN_UNREACHABLE_CODE = YES;
				CLANG_WARN__DUPLICATE_METHOD_MATCH = YES;
				COPY_PHASE_STRIP = NO;
				DEBUG_INFORMATION_FORMAT = "dwarf-with-dsym";
				ENABLE_NS_ASSERTIONS = NO;
				ENABLE_STRICT_OBJC_MSGSEND = YES;
				ENABLE_USER_SCRIPT_SANDBOXING = YES;
				GCC_C_LANGUAGE_STANDARD = gnu17;
				GCC_NO_COMMON_BLOCKS = YES;
				GCC_WARN_64_TO_32_BIT_CONVERSION = YES;
				GCC_WARN_ABOUT_RETURN_TYPE = YES_ERROR;
				GCC_WARN_UNDECLARED_SELECTOR = YES;
				GCC_WARN_UNINITIALIZED_AUTOS = YES_AGGRESSIVE;
				GCC_WARN_UNUSED_FUNCTION = YES;
				GCC_WARN_UNUSED_VARIABLE = YES;
				IPHONEOS_DEPLOYMENT_TARGET = 17.2;
				LOCALIZATION_PREFERS_STRING_CATALOGS = YES;
				MTL_ENABLE_DEBUG_INFO = NO;
				MTL_FAST_MATH = YES;
				SDKROOT = iphoneos;
				SWIFT_COMPILATION_MODE = wholemodule;
				VALIDATE_PRODUCT = YES;
			};
			name = Release;
		};
		D03368052BA809E0006E6949 /* Debug */ = {
			isa = XCBuildConfiguration;
			buildSettings = {
				ASSETCATALOG_COMPILER_APPICON_NAME = AppIcon;
				ASSETCATALOG_COMPILER_GLOBAL_ACCENT_COLOR_NAME = AccentColor;
				CODE_SIGN_STYLE = Automatic;
				CURRENT_PROJECT_VERSION = 1;
				DEVELOPMENT_ASSET_PATHS = "\"tamashaIOSPROJECT/Preview Content\"";
				ENABLE_PREVIEWS = YES;
				GENERATE_INFOPLIST_FILE = YES;
				INFOPLIST_KEY_UIApplicationSceneManifest_Generation = YES;
				INFOPLIST_KEY_UIApplicationSupportsIndirectInputEvents = YES;
				INFOPLIST_KEY_UILaunchScreen_Generation = YES;
				INFOPLIST_KEY_UISupportedInterfaceOrientations_iPad = "UIInterfaceOrientationPortrait UIInterfaceOrientationPortraitUpsideDown UIInterfaceOrientationLandscapeLeft UIInterfaceOrientationLandscapeRight";
				INFOPLIST_KEY_UISupportedInterfaceOrientations_iPhone = "UIInterfaceOrientationPortrait UIInterfaceOrientationLandscapeLeft UIInterfaceOrientationLandscapeRight";
				LD_RUNPATH_SEARCH_PATHS = (
					"$(inherited)",
					"@executable_path/Frameworks",
				);
				MARKETING_VERSION = 1.0;
				PRODUCT_BUNDLE_IDENTIFIER = "-234.tamashaIOSPROJECT";
				PRODUCT_NAME = "$(TARGET_NAME)";
				SWIFT_EMIT_LOC_STRINGS = YES;
				SWIFT_VERSION = 5.0;
				TARGETED_DEVICE_FAMILY = "1,2";
			};
			name = Debug;
		};
		D03368062BA809E0006E6949 /* Release */ = {
			isa = XCBuildConfiguration;
			buildSettings = {
				ASSETCATALOG_COMPILER_APPICON_NAME = AppIcon;
				ASSETCATALOG_COMPILER_GLOBAL_ACCENT_COLOR_NAME = AccentColor;
				CODE_SIGN_STYLE = Automatic;
				CURRENT_PROJECT_VERSION = 1;
				DEVELOPMENT_ASSET_PATHS = "\"tamashaIOSPROJECT/Preview Content\"";
				ENABLE_PREVIEWS = YES;
				GENERATE_INFOPLIST_FILE = YES;
				INFOPLIST_KEY_UIApplicationSceneManifest_Generation = YES;
				INFOPLIST_KEY_UIApplicationSupportsIndirectInputEvents = YES;
				INFOPLIST_KEY_UILaunchScreen_Generation = YES;
				INFOPLIST_KEY_UISupportedInterfaceOrientations_iPad = "UIInterfaceOrientationPortrait UIInterfaceOrientationPortraitUpsideDown UIInterfaceOrientationLandscapeLeft UIInterfaceOrientationLandscapeRight";
				INFOPLIST_KEY_UISupportedInterfaceOrientations_iPhone = "UIInterfaceOrientationPortrait UIInterfaceOrientationLandscapeLeft UIInterfaceOrientationLandscapeRight";
				LD_RUNPATH_SEARCH_PATHS = (
					"$(inherited)",
					"@executable_path/Frameworks",
				);
				MARKETING_VERSION = 1.0;
				PRODUCT_BUNDLE_IDENTIFIER = "-234.tamashaIOSPROJECT";
				PRODUCT_NAME = "$(TARGET_NAME)";
				SWIFT_EMIT_LOC_STRINGS = YES;
				SWIFT_VERSION = 5.0;
				TARGETED_DEVICE_FAMILY = "1,2";
			};
			name = Release;
		};
/* End XCBuildConfiguration section */

/* Begin XCConfigurationList section */
		D03367F12BA809DF006E6949 /* Build configuration list for PBXProject "tamashaIOSPROJECT" */ = {
			isa = XCConfigurationList;
			buildConfigurations = (
				D03368022BA809E0006E6949 /* Debug */,
				D03368032BA809E0006E6949 /* Release */,
			);
			defaultConfigurationIsVisible = 0;
			defaultConfigurationName = Release;
		};
		D03368042BA809E0006E6949 /* Build configuration list for PBXNativeTarget "tamashaIOSPROJECT" */ = {
			isa = XCConfigurationList;
			buildConfigurations = (
				D03368052BA809E0006E6949 /* Debug */,
				D03368062BA809E0006E6949 /* Release */,
			);
			defaultConfigurationIsVisible = 0;
			defaultConfigurationName = Release;
		};
/* End XCConfigurationList section */
	};
	rootObject = D03367EE2BA809DF006E6949 /* Project object */;
}
